<?xml version="1.0" encoding="utf-8"?>
<Project ToolsVersion="4.0" xmlns="http://schemas.microsoft.com/developer/msbuild/2003">
  <ItemGroup>
    <Filter Include="Header Files">
      <UniqueIdentifier>{93995380-89BD-4b04-88EB-625FBE52EBFB}</UniqueIdentifier>
      <Extensions>h;hh;hpp;hxx;hm;inl;inc;xsd</Extensions>
    </Filter>
    <Filter Include="Resource Files">
      <UniqueIdentifier>{67DA6AB6-F800-4c08-8B7A-83BB121AAD01}</UniqueIdentifier>
      <Extensions>rc;ico;cur;bmp;dlg;rc2;rct;bin;rgs;gif;jpg;jpeg;jpe;resx;tiff;tif;png;wav;mfcribbon-ms</Extensions>
    </Filter>
    <Filter Include="Source Files">
      <UniqueIdentifier>{4FC737F1-C7A5-4376-A066-2A32D752A2FF}</UniqueIdentifier>
      <Extensions>cpp;c;cc;cxx;def;odl;idl;hpj;bat;asm;asmx</Extensions>
    </Filter>
  </ItemGroup>
  <ItemGroup>
    <ClInclude Include="include\i_queue.h">
      <Filter>Header Files</Filter>
    </ClInclude>
    <ClInclude Include="include\lava_alloc.h">
      <Filter>Header Files</Filter>
    </ClInclude>
    <ClInclude Include="include\lava_conv.h">
      <Filter>Header Files</Filter>
    </ClInclude>
    <ClInclude Include="include\queue.h">
      <Filter>Header Files</Filter>
    </ClInclude>
    <ClInclude Include="include\queue_base.h">
      <Filter>Header Files</Filter>
    </ClInclude>
    <ClInclude Include="include\semaphore.h">
      <Filter>Header Files</Filter>
    </ClInclude>
    <ClInclude Include="include\utils_traits.h">
      <Filter>Header Files</Filter>
    </ClInclude>
    <ClInclude Include="include\spin_lock.h">
      <Filter>Header Files</Filter>
    </ClInclude>
    <ClInclude Include="include\stack.h">
      <Filter>Header Files</Filter>
    </ClInclude>
    <ClInclude Include="include\spin_wait.h">
      <Filter>Header Files</Filter>
    </ClInclude>
    <ClInclude Include="include\interproc_detail.h">
      <Filter>Header Files</Filter>
    </ClInclude>
    <ClInclude Include="include\lava_container.h">
      <Filter>Header Files</Filter>
    </ClInclude>
    <ClInclude Include="include\lava_crt.h">
      <Filter>Header Files</Filter>
    </ClInclude>
    <ClInclude Include="include\fake_mutex.h">
      <Filter>Header Files</Filter>
    </ClInclude>
    <ClInclude Include="include\lava_utils_api.h">
      <Filter>Header Files</Filter>
    </ClInclude>
    <ClInclude Include="lava_log.h">
      <Filter>Header Files</Filter>
    </ClInclude>
    <ClInclude Include="include\timer.h">
      <Filter>Header Files</Filter>
    </ClInclude>
    <ClInclude Include="include\lava_condition.h">
      <Filter>Header Files</Filter>
    </ClInclude>
    <ClInclude Include="include\lava_config.h">
      <Filter>Header Files</Filter>
    </ClInclude>
    <ClInclude Include="include\atomic.h">
      <Filter>Header Files</Filter>
    </ClInclude>
    <ClInclude Include="include\rwlock.h">
      <Filter>Header Files</Filter>
    </ClInclude>
    <ClInclude Include="lava_uuid.h">
      <Filter>Header Files</Filter>
    </ClInclude>
    <ClInclude Include="sha256.h">
      <Filter>Header Files</Filter>
    </ClInclude>
  </ItemGroup>
  <ItemGroup>
    <ClCompile Include="lava_log.cpp">
      <Filter>Source Files</Filter>
    </ClCompile>
    <ClCompile Include="base64.cpp">
      <Filter>Source Files</Filter>
    </ClCompile>
    <ClCompile Include="lava_uuid.cpp">
      <Filter>Source Files</Filter>
    </ClCompile>
    <ClCompile Include="lava_gzip_helper.cpp">
      <Filter>Source Files</Filter>
    </ClCompile>
    <ClCompile Include="lava_config.cpp">
      <Filter>Source Files</Filter>
    </ClCompile>
    <ClCompile Include="sha256.cpp">
      <Filter>Source Files</Filter>
    </ClCompile>
  </ItemGroup>
</Project>