<?xml version="1.0" encoding="utf-8"?>
<Project ToolsVersion="4.0" xmlns="http://schemas.microsoft.com/developer/msbuild/2003">
  <ItemGroup>
    <Filter Include="Source Files">
      <UniqueIdentifier>{b5fcd73d-9c1c-4009-90b0-7f64b9d2b76b}</UniqueIdentifier>
    </Filter>
    <Filter Include="Header Files">
      <UniqueIdentifier>{ceedc0aa-48c1-4894-9d90-45590e475f70}</UniqueIdentifier>
    </Filter>
  </ItemGroup>
  <ItemGroup>
    <ClCompile Include="main.cpp">
      <Filter>Source Files</Filter>
    </ClCompile>
    <ClCompile Include="test_charset_conv.cpp">
      <Filter>Source Files</Filter>
    </ClCompile>
    <ClCompile Include="test_queue.cpp">
      <Filter>Source Files</Filter>
    </ClCompile>
    <ClCompile Include="test_spinlock.cpp">
      <Filter>Source Files</Filter>
    </ClCompile>
    <ClCompile Include="test_spinwait.cpp">
      <Filter>Source Files</Filter>
    </ClCompile>
    <ClCompile Include="test_stack.cpp">
      <Filter>Source Files</Filter>
    </ClCompile>
    <ClCompile Include="test_log.cpp">
      <Filter>Source Files</Filter>
    </ClCompile>
    <ClCompile Include="test_timer.cpp">
      <Filter>Source Files</Filter>
    </ClCompile>
  </ItemGroup>
</Project>