
Microsoft Visual Studio Solution File, Format Version 12.00
# Visual Studio 15
VisualStudioVersion = 15.0.28307.902
MinimumVisualStudioVersion = 10.0.40219.1
Project("{8BC9CEB8-8B4A-11D0-8D11-00A0C91BC942}") = "linux_sig_test", "linux_sig_test.vcxproj", "{9409549B-BCEC-4F03-B9C6-7858E4257FBF}"
EndProject
Global
	GlobalSection(SolutionConfigurationPlatforms) = preSolution
		Debug|ARM = Debug|ARM
		Debug|ARM64 = Debug|ARM64
		Debug|x64 = Debug|x64
		Debug|x86 = Debug|x86
		Release|ARM = Release|ARM
		Release|ARM64 = Release|ARM64
		Release|x64 = Release|x64
		Release|x86 = Release|x86
	EndGlobalSection
	GlobalSection(ProjectConfigurationPlatforms) = postSolution
		{9409549B-BCEC-4F03-B9C6-7858E4257FBF}.Debug|ARM.ActiveCfg = Debug|ARM
		{9409549B-BCEC-4F03-B9C6-7858E4257FBF}.Debug|ARM.Build.0 = Debug|ARM
		{9409549B-BCEC-4F03-B9C6-7858E4257FBF}.Debug|ARM64.ActiveCfg = Debug|ARM64
		{9409549B-BCEC-4F03-B9C6-7858E4257FBF}.Debug|ARM64.Build.0 = Debug|ARM64
		{9409549B-BCEC-4F03-B9C6-7858E4257FBF}.Debug|x64.ActiveCfg = Debug|x64
		{9409549B-BCEC-4F03-B9C6-7858E4257FBF}.Debug|x64.Build.0 = Debug|x64
		{9409549B-BCEC-4F03-B9C6-7858E4257FBF}.Debug|x86.ActiveCfg = Debug|x86
		{9409549B-BCEC-4F03-B9C6-7858E4257FBF}.Debug|x86.Build.0 = Debug|x86
		{9409549B-BCEC-4F03-B9C6-7858E4257FBF}.Release|ARM.ActiveCfg = Release|ARM
		{9409549B-BCEC-4F03-B9C6-7858E4257FBF}.Release|ARM.Build.0 = Release|ARM
		{9409549B-BCEC-4F03-B9C6-7858E4257FBF}.Release|ARM64.ActiveCfg = Release|ARM64
		{9409549B-BCEC-4F03-B9C6-7858E4257FBF}.Release|ARM64.Build.0 = Release|ARM64
		{9409549B-BCEC-4F03-B9C6-7858E4257FBF}.Release|x64.ActiveCfg = Release|x64
		{9409549B-BCEC-4F03-B9C6-7858E4257FBF}.Release|x64.Build.0 = Release|x64
		{9409549B-BCEC-4F03-B9C6-7858E4257FBF}.Release|x86.ActiveCfg = Release|x86
		{9409549B-BCEC-4F03-B9C6-7858E4257FBF}.Release|x86.Build.0 = Release|x86
	EndGlobalSection
	GlobalSection(SolutionProperties) = preSolution
		HideSolutionNode = FALSE
	EndGlobalSection
	GlobalSection(ExtensibilityGlobals) = postSolution
		SolutionGuid = {843CA307-73D8-4CA9-9315-876E285A3DCD}
	EndGlobalSection
EndGlobal
