<?xml version="1.0" encoding="utf-8"?>
<Project ToolsVersion="4.0" xmlns="http://schemas.microsoft.com/developer/msbuild/2003">
  <ItemGroup>
    <ClCompile Include="CApp.cpp">
      <Filter>Source Files</Filter>
    </ClCompile>
    <ClCompile Include="CCalcEngine.cpp">
      <Filter>Source Files</Filter>
    </ClCompile>
    <ClCompile Include="CDoc.cpp">
      <Filter>Source Files</Filter>
    </ClCompile>
    <ClCompile Include="CMatrixData.cpp">
      <Filter>Source Files</Filter>
    </ClCompile>
    <ClCompile Include="CStrHash.cpp">
      <Filter>Source Files</Filter>
    </ClCompile>
    <ClCompile Include="CUiMgr.cpp">
      <Filter>Source Files</Filter>
    </ClCompile>
    <ClCompile Include="dllmain.cpp">
      <Filter>Source Files</Filter>
    </ClCompile>
    <ClCompile Include="Helios.cpp">
      <Filter>Source Files</Filter>
    </ClCompile>
    <ClCompile Include="helios_api.cpp">
      <Filter>Source Files</Filter>
    </ClCompile>
    <ClCompile Include="Helios_i.c">
      <Filter>Source Files</Filter>
    </ClCompile>
    <ClCompile Include="LoginDlg.cpp">
      <Filter>Source Files</Filter>
    </ClCompile>
    <ClCompile Include="SafeArray.cpp">
      <Filter>Source Files</Filter>
    </ClCompile>
    <ClCompile Include="stdafx.cpp">
      <Filter>Source Files</Filter>
    </ClCompile>
    <ClCompile Include="SumsAddin.cpp">
      <Filter>Source Files</Filter>
    </ClCompile>
    <ClCompile Include="xdlldata.c">
      <Filter>Source Files</Filter>
    </ClCompile>
    <ClCompile Include="ScContribFormula.cpp">
      <Filter>Source Files</Filter>
    </ClCompile>
    <ClCompile Include="cdh_client.cpp">
      <Filter>Source Files</Filter>
    </ClCompile>
  </ItemGroup>
  <ItemGroup>
    <ClInclude Include="CApp.h">
      <Filter>Header Files</Filter>
    </ClInclude>
    <ClInclude Include="CCalcEngine.h">
      <Filter>Header Files</Filter>
    </ClInclude>
    <ClInclude Include="CDoc.h">
      <Filter>Header Files</Filter>
    </ClInclude>
    <ClInclude Include="CMatrixData.h">
      <Filter>Header Files</Filter>
    </ClInclude>
    <ClInclude Include="ConnHelper.h">
      <Filter>Header Files</Filter>
    </ClInclude>
    <ClInclude Include="CStrHash.h">
      <Filter>Header Files</Filter>
    </ClInclude>
    <ClInclude Include="CUiMgr.h">
      <Filter>Header Files</Filter>
    </ClInclude>
    <ClInclude Include="dllmain.h">
      <Filter>Header Files</Filter>
    </ClInclude>
    <ClInclude Include="Helios_i.h">
      <Filter>Header Files</Filter>
    </ClInclude>
    <ClInclude Include="helios_itf.h">
      <Filter>Header Files</Filter>
    </ClInclude>
    <ClInclude Include="LoginDlg.h">
      <Filter>Header Files</Filter>
    </ClInclude>
    <ClInclude Include="Resource.h">
      <Filter>Header Files</Filter>
    </ClInclude>
    <ClInclude Include="SafeArray.h">
      <Filter>Header Files</Filter>
    </ClInclude>
    <ClInclude Include="stdafx.h">
      <Filter>Header Files</Filter>
    </ClInclude>
    <ClInclude Include="SumsAddin.h">
      <Filter>Header Files</Filter>
    </ClInclude>
    <ClInclude Include="targetver.h">
      <Filter>Header Files</Filter>
    </ClInclude>
    <ClInclude Include="xdlldata.h">
      <Filter>Header Files</Filter>
    </ClInclude>
    <ClInclude Include="ScContribFormula.h">
      <Filter>Header Files</Filter>
    </ClInclude>
    <ClInclude Include="cdh_client.h">
      <Filter>Header Files</Filter>
    </ClInclude>
  </ItemGroup>
  <ItemGroup>
    <Image Include="bitmap1.bmp">
      <Filter>Resource Files</Filter>
    </Image>
    <Image Include="icon_main.ico">
      <Filter>Resource Files</Filter>
    </Image>
    <Image Include="sumscope.jpg">
      <Filter>Resource Files</Filter>
    </Image>
  </ItemGroup>
  <ItemGroup>
    <None Include="Helios.def">
      <Filter>Source Files</Filter>
    </None>
    <None Include="Helios.rgs">
      <Filter>Resource Files</Filter>
    </None>
    <None Include="SumsAddin.rgs">
      <Filter>Resource Files</Filter>
    </None>
  </ItemGroup>
  <ItemGroup>
    <Text Include="ReadMe.txt" />
  </ItemGroup>
  <ItemGroup>
    <Filter Include="Header Files">
      <UniqueIdentifier>{fdb614c2-8fe2-4089-acac-4672c59fa5cf}</UniqueIdentifier>
    </Filter>
    <Filter Include="Resource Files">
      <UniqueIdentifier>{ab1d83a6-29a8-4a24-b616-77bde59e0d26}</UniqueIdentifier>
    </Filter>
    <Filter Include="Source Files">
      <UniqueIdentifier>{640b196a-d23a-4718-a598-fe1414e53195}</UniqueIdentifier>
    </Filter>
  </ItemGroup>
  <ItemGroup>
    <Midl Include="Helios.idl">
      <Filter>Source Files</Filter>
    </Midl>
  </ItemGroup>
  <ItemGroup>
    <Xml Include="ribbon.xml">
      <Filter>Resource Files</Filter>
    </Xml>
  </ItemGroup>
  <ItemGroup>
    <ResourceCompile Include="Helios.rc">
      <Filter>Resource Files</Filter>
    </ResourceCompile>
  </ItemGroup>
</Project>